
Microsoft Visual Studio Solution File, Format Version 12.00
# Visual Studio Version 17
VisualStudioVersion = 17.11.35222.181
MinimumVisualStudioVersion = 10.0.40219.1
Project("{FAE04EC0-301F-11D3-BF4B-00C04F79EFBC}") = "AruhazApp", "AruhazApp\AruhazApp.csproj", "{A09F34DA-DB11-4C3D-9B4D-0C4D236BCE71}"
EndProject
Global
	GlobalSection(SolutionConfigurationPlatforms) = preSolution
		Debug|Any CPU = Debug|Any CPU
		Release|Any CPU = Release|Any CPU
	EndGlobalSection
	GlobalSection(ProjectConfigurationPlatforms) = postSolution
		{A09F34DA-DB11-4C3D-9B4D-0C4D236BCE71}.Debug|Any CPU.ActiveCfg = Debug|Any CPU
		{A09F34DA-DB11-4C3D-9B4D-0C4D236BCE71}.Debug|Any CPU.Build.0 = Debug|Any CPU
		{A09F34DA-DB11-4C3D-9B4D-0C4D236BCE71}.Release|Any CPU.ActiveCfg = Release|Any CPU
		{A09F34DA-DB11-4C3D-9B4D-0C4D236BCE71}.Release|Any CPU.Build.0 = Release|Any CPU
	EndGlobalSection
	GlobalSection(SolutionProperties) = preSolution
		HideSolutionNode = FALSE
	EndGlobalSection
	GlobalSection(ExtensibilityGlobals) = postSolution
		SolutionGuid = {D298837B-ACD2-49AB-A4FB-357927E8FA13}
	EndGlobalSection
EndGlobal
